{
  "version": 4,
  "terraform_version": "1.3.4",
  "serial": 4,
  "lineage": "0cb6c5fb-2a20-b611-03ab-4e61c72438c4",
  "outputs": {
    "xoxot_subnet": {
      "value": {
        "creation_timestamp": "2022-11-17T17:16:12.112-08:00",
        "description": "",
        "external_ipv6_prefix": "",
        "fingerprint": null,
        "gateway_address": "10.0.0.1",
        "id": "projects/terraform-tae/regions/asia-northeast3/subnetworks/gogle-subnet",
        "ip_cidr_range": "10.0.0.0/16",
        "ipv6_access_type": "",
        "ipv6_cidr_range": "",
        "log_config": [],
        "name": "gogle-subnet",
        "network": "https://www.googleapis.com/compute/v1/projects/terraform-tae/global/networks/terraform-tae-heetae-dev-vpc",
        "private_ip_google_access": false,
        "private_ipv6_google_access": "DISABLE_GOOGLE_ACCESS",
        "project": "terraform-tae",
        "purpose": "PRIVATE",
        "region": "asia-northeast3",
        "role": "",
        "secondary_ip_range": [],
        "self_link": "https://www.googleapis.com/compute/v1/projects/terraform-tae/regions/asia-northeast3/subnetworks/gogle-subnet",
        "stack_type": "IPV4_ONLY",
        "timeouts": null
      },
      "type": [
        "object",
        {
          "creation_timestamp": "string",
          "description": "string",
          "external_ipv6_prefix": "string",
          "fingerprint": "string",
          "gateway_address": "string",
          "id": "string",
          "ip_cidr_range": "string",
          "ipv6_access_type": "string",
          "ipv6_cidr_range": "string",
          "log_config": [
            "list",
            [
              "object",
              {
                "aggregation_interval": "string",
                "filter_expr": "string",
                "flow_sampling": "number",
                "metadata": "string",
                "metadata_fields": [
                  "set",
                  "string"
                ]
              }
            ]
          ],
          "name": "string",
          "network": "string",
          "private_ip_google_access": "bool",
          "private_ipv6_google_access": "string",
          "project": "string",
          "purpose": "string",
          "region": "string",
          "role": "string",
          "secondary_ip_range": [
            "list",
            [
              "object",
              {
                "ip_cidr_range": "string",
                "range_name": "string"
              }
            ]
          ],
          "self_link": "string",
          "stack_type": "string",
          "timeouts": [
            "object",
            {
              "create": "string",
              "delete": "string",
              "update": "string"
            }
          ]
        }
      ]
    },
    "xoxot_vpc": {
      "value": {
        "auto_create_subnetworks": false,
        "delete_default_routes_on_create": false,
        "description": "",
        "enable_ula_internal_ipv6": false,
        "gateway_ipv4": "",
        "id": "projects/terraform-tae/global/networks/terraform-tae-heetae-dev-vpc",
        "internal_ipv6_range": "",
        "mtu": 1460,
        "name": "terraform-tae-heetae-dev-vpc",
        "project": "terraform-tae",
        "routing_mode": "REGIONAL",
        "self_link": "https://www.googleapis.com/compute/v1/projects/terraform-tae/global/networks/terraform-tae-heetae-dev-vpc",
        "timeouts": null
      },
      "type": [
        "object",
        {
          "auto_create_subnetworks": "bool",
          "delete_default_routes_on_create": "bool",
          "description": "string",
          "enable_ula_internal_ipv6": "bool",
          "gateway_ipv4": "string",
          "id": "string",
          "internal_ipv6_range": "string",
          "mtu": "number",
          "name": "string",
          "project": "string",
          "routing_mode": "string",
          "self_link": "string",
          "timeouts": [
            "object",
            {
              "create": "string",
              "delete": "string",
              "update": "string"
            }
          ]
        }
      ]
    }
  },
  "resources": [
    {
      "mode": "data",
      "type": "google_compute_default_service_account",
      "name": "default",
      "provider": "provider[\"registry.terraform.io/hashicorp/google\"]",
      "instances": [
        {
          "schema_version": 0,
          "attributes": {
            "display_name": "Compute Engine default service account",
            "email": "931691412530-compute@developer.gserviceaccount.com",
            "id": "projects/terraform-tae/serviceAccounts/931691412530-compute@developer.gserviceaccount.com",
            "name": "projects/terraform-tae/serviceAccounts/931691412530-compute@developer.gserviceaccount.com",
            "project": "terraform-tae",
            "unique_id": "115246581573372796524"
          },
          "sensitive_attributes": []
        }
      ]
    },
    {
      "mode": "managed",
      "type": "google_compute_network",
      "name": "xoxot_vpc",
      "provider": "provider[\"registry.terraform.io/hashicorp/google\"]",
      "instances": [
        {
          "schema_version": 0,
          "attributes": {
            "auto_create_subnetworks": false,
            "delete_default_routes_on_create": false,
            "description": "",
            "enable_ula_internal_ipv6": false,
            "gateway_ipv4": "",
            "id": "projects/terraform-tae/global/networks/terraform-tae-heetae-dev-vpc",
            "internal_ipv6_range": "",
            "mtu": 1460,
            "name": "terraform-tae-heetae-dev-vpc",
            "project": "terraform-tae",
            "routing_mode": "REGIONAL",
            "self_link": "https://www.googleapis.com/compute/v1/projects/terraform-tae/global/networks/terraform-tae-heetae-dev-vpc",
            "timeouts": null
          },
          "sensitive_attributes": [],
          "private": "eyJlMmJmYjczMC1lY2FhLTExZTYtOGY4OC0zNDM2M2JjN2M0YzAiOnsiY3JlYXRlIjoxMjAwMDAwMDAwMDAwLCJkZWxldGUiOjEyMDAwMDAwMDAwMDAsInVwZGF0ZSI6MTIwMDAwMDAwMDAwMH19"
        }
      ]
    },
    {
      "mode": "managed",
      "type": "google_compute_subnetwork",
      "name": "xoxot_subnet",
      "provider": "provider[\"registry.terraform.io/hashicorp/google\"]",
      "instances": [
        {
          "schema_version": 0,
          "attributes": {
            "creation_timestamp": "2022-11-17T17:16:12.112-08:00",
            "description": "",
            "external_ipv6_prefix": "",
            "fingerprint": null,
            "gateway_address": "10.0.0.1",
            "id": "projects/terraform-tae/regions/asia-northeast3/subnetworks/gogle-subnet",
            "ip_cidr_range": "10.0.0.0/16",
            "ipv6_access_type": "",
            "ipv6_cidr_range": "",
            "log_config": [],
            "name": "gogle-subnet",
            "network": "https://www.googleapis.com/compute/v1/projects/terraform-tae/global/networks/terraform-tae-heetae-dev-vpc",
            "private_ip_google_access": false,
            "private_ipv6_google_access": "DISABLE_GOOGLE_ACCESS",
            "project": "terraform-tae",
            "purpose": "PRIVATE",
            "region": "asia-northeast3",
            "role": "",
            "secondary_ip_range": [],
            "self_link": "https://www.googleapis.com/compute/v1/projects/terraform-tae/regions/asia-northeast3/subnetworks/gogle-subnet",
            "stack_type": "IPV4_ONLY",
            "timeouts": null
          },
          "sensitive_attributes": [],
          "private": "eyJlMmJmYjczMC1lY2FhLTExZTYtOGY4OC0zNDM2M2JjN2M0YzAiOnsiY3JlYXRlIjoxMjAwMDAwMDAwMDAwLCJkZWxldGUiOjEyMDAwMDAwMDAwMDAsInVwZGF0ZSI6MTIwMDAwMDAwMDAwMH19",
          "dependencies": [
            "google_compute_network.xoxot_vpc"
          ]
        }
      ]
    },
    {
      "mode": "managed",
      "type": "google_storage_bucket",
      "name": "default",
      "provider": "provider[\"registry.terraform.io/hashicorp/google\"]",
      "instances": [
        {
          "schema_version": 0,
          "attributes": {
            "cors": [],
            "custom_placement_config": [],
            "default_event_based_hold": false,
            "encryption": [],
            "force_destroy": false,
            "id": "xoxot-bucket-tfstate",
            "labels": null,
            "lifecycle_rule": [],
            "location": "ASIA",
            "logging": [],
            "name": "xoxot-bucket-tfstate",
            "project": "terraform-tae",
            "public_access_prevention": "inherited",
            "requester_pays": false,
            "retention_policy": [],
            "self_link": "https://www.googleapis.com/storage/v1/b/xoxot-bucket-tfstate",
            "storage_class": "STANDARD",
            "timeouts": null,
            "uniform_bucket_level_access": false,
            "url": "gs://xoxot-bucket-tfstate",
            "versioning": [
              {
                "enabled": true
              }
            ],
            "website": []
          },
          "sensitive_attributes": [],
          "private": "eyJlMmJmYjczMC1lY2FhLTExZTYtOGY4OC0zNDM2M2JjN2M0YzAiOnsiY3JlYXRlIjoyNDAwMDAwMDAwMDAsInJlYWQiOjI0MDAwMDAwMDAwMCwidXBkYXRlIjoyNDAwMDAwMDAwMDB9fQ=="
        }
      ]
    }
  ],
  "check_results": null
}
