{
  "version": 4,
  "terraform_version": "1.3.4",
  "serial": 31,
  "lineage": "fa143897-7c00-eaec-bd80-a2019a594534",
  "outputs": {},
  "resources": [
    {
      "mode": "data",
      "type": "terraform_remote_state",
      "name": "bucket",
      "provider": "provider[\"terraform.io/builtin/terraform\"]",
      "instances": [
        {
          "schema_version": 0,
          "attributes": {
            "backend": "gcs",
            "config": {
              "value": {
                "bucket": "xoxot-bucket-tfstate",
                "prefix": "terraform/state"
              },
              "type": [
                "object",
                {
                  "bucket": "string",
                  "prefix": "string"
                }
              ]
            },
            "defaults": null,
            "outputs": {
              "value": {
                "xoxot_subnet": {
                  "creation_timestamp": "2022-11-17T17:16:12.112-08:00",
                  "description": "",
                  "external_ipv6_prefix": "",
                  "fingerprint": null,
                  "gateway_address": "10.0.0.1",
                  "id": "projects/terraform-tae/regions/asia-northeast3/subnetworks/gogle-subnet",
                  "ip_cidr_range": "10.0.0.0/16",
                  "ipv6_access_type": "",
                  "ipv6_cidr_range": "",
                  "log_config": [],
                  "name": "gogle-subnet",
                  "network": "https://www.googleapis.com/compute/v1/projects/terraform-tae/global/networks/terraform-tae-heetae-dev-vpc",
                  "private_ip_google_access": false,
                  "private_ipv6_google_access": "DISABLE_GOOGLE_ACCESS",
                  "project": "terraform-tae",
                  "purpose": "PRIVATE",
                  "region": "asia-northeast3",
                  "role": "",
                  "secondary_ip_range": [],
                  "self_link": "https://www.googleapis.com/compute/v1/projects/terraform-tae/regions/asia-northeast3/subnetworks/gogle-subnet",
                  "stack_type": "IPV4_ONLY",
                  "timeouts": null
                },
                "xoxot_vpc": {
                  "auto_create_subnetworks": false,
                  "delete_default_routes_on_create": false,
                  "description": "",
                  "enable_ula_internal_ipv6": false,
                  "gateway_ipv4": "",
                  "id": "projects/terraform-tae/global/networks/terraform-tae-heetae-dev-vpc",
                  "internal_ipv6_range": "",
                  "mtu": 1460,
                  "name": "terraform-tae-heetae-dev-vpc",
                  "project": "terraform-tae",
                  "routing_mode": "REGIONAL",
                  "self_link": "https://www.googleapis.com/compute/v1/projects/terraform-tae/global/networks/terraform-tae-heetae-dev-vpc",
                  "timeouts": null
                }
              },
              "type": [
                "object",
                {
                  "xoxot_subnet": [
                    "object",
                    {
                      "creation_timestamp": "string",
                      "description": "string",
                      "external_ipv6_prefix": "string",
                      "fingerprint": "string",
                      "gateway_address": "string",
                      "id": "string",
                      "ip_cidr_range": "string",
                      "ipv6_access_type": "string",
                      "ipv6_cidr_range": "string",
                      "log_config": [
                        "list",
                        [
                          "object",
                          {
                            "aggregation_interval": "string",
                            "filter_expr": "string",
                            "flow_sampling": "number",
                            "metadata": "string",
                            "metadata_fields": [
                              "set",
                              "string"
                            ]
                          }
                        ]
                      ],
                      "name": "string",
                      "network": "string",
                      "private_ip_google_access": "bool",
                      "private_ipv6_google_access": "string",
                      "project": "string",
                      "purpose": "string",
                      "region": "string",
                      "role": "string",
                      "secondary_ip_range": [
                        "list",
                        [
                          "object",
                          {
                            "ip_cidr_range": "string",
                            "range_name": "string"
                          }
                        ]
                      ],
                      "self_link": "string",
                      "stack_type": "string",
                      "timeouts": [
                        "object",
                        {
                          "create": "string",
                          "delete": "string",
                          "update": "string"
                        }
                      ]
                    }
                  ],
                  "xoxot_vpc": [
                    "object",
                    {
                      "auto_create_subnetworks": "bool",
                      "delete_default_routes_on_create": "bool",
                      "description": "string",
                      "enable_ula_internal_ipv6": "bool",
                      "gateway_ipv4": "string",
                      "id": "string",
                      "internal_ipv6_range": "string",
                      "mtu": "number",
                      "name": "string",
                      "project": "string",
                      "routing_mode": "string",
                      "self_link": "string",
                      "timeouts": [
                        "object",
                        {
                          "create": "string",
                          "delete": "string",
                          "update": "string"
                        }
                      ]
                    }
                  ]
                }
              ]
            },
            "workspace": null
          },
          "sensitive_attributes": []
        }
      ]
    },
    {
      "mode": "managed",
      "type": "google_container_cluster",
      "name": "primary",
      "provider": "provider[\"registry.terraform.io/hashicorp/google\"]",
      "instances": [
        {
          "schema_version": 1,
          "attributes": {
            "addons_config": [
              {
                "cloudrun_config": [],
                "horizontal_pod_autoscaling": [],
                "http_load_balancing": [],
                "network_policy_config": [
                  {
                    "disabled": true
                  }
                ]
              }
            ],
            "authenticator_groups_config": [],
            "cluster_autoscaling": [
              {
                "auto_provisioning_defaults": [
                  {
                    "oauth_scopes": [
                      "https://www.googleapis.com/auth/logging.write",
                      "https://www.googleapis.com/auth/monitoring"
                    ],
                    "service_account": "default"
                  }
                ],
                "enabled": true,
                "resource_limits": [
                  {
                    "maximum": 500,
                    "minimum": 0,
                    "resource_type": "cpu"
                  },
                  {
                    "maximum": 500,
                    "minimum": 0,
                    "resource_type": "memory"
                  }
                ]
              }
            ],
            "cluster_ipv4_cidr": "10.88.0.0/14",
            "confidential_nodes": [],
            "database_encryption": [
              {
                "key_name": "",
                "state": "DECRYPTED"
              }
            ],
            "datapath_provider": "",
            "default_max_pods_per_node": 110,
            "default_snat_status": [
              {
                "disabled": false
              }
            ],
            "description": "",
            "enable_autopilot": false,
            "enable_binary_authorization": false,
            "enable_intranode_visibility": false,
            "enable_kubernetes_alpha": false,
            "enable_legacy_abac": false,
            "enable_shielded_nodes": true,
            "enable_tpu": false,
            "endpoint": "34.64.53.38",
            "id": "projects/terraform-tae/locations/asia-northeast3/clusters/terraform-tae-gke",
            "initial_node_count": 1,
            "ip_allocation_policy": [
              {
                "cluster_ipv4_cidr_block": "10.88.0.0/14",
                "cluster_secondary_range_name": "gke-terraform-tae-gke-pods-77c17a27",
                "services_ipv4_cidr_block": "10.92.0.0/20",
                "services_secondary_range_name": "gke-terraform-tae-gke-services-77c17a27"
              }
            ],
            "label_fingerprint": "a9dc16a7",
            "location": "asia-northeast3",
            "logging_config": [
              {
                "enable_components": [
                  "SYSTEM_COMPONENTS",
                  "WORKLOADS"
                ]
              }
            ],
            "logging_service": "logging.googleapis.com/kubernetes",
            "maintenance_policy": [],
            "master_auth": [
              {
                "client_certificate": "",
                "client_certificate_config": [
                  {
                    "issue_client_certificate": false
                  }
                ],
                "client_key": "",
                "cluster_ca_certificate": "LS0tLS1CRUdJTiBDRVJUSUZJQ0FURS0tLS0tCk1JSUVMVENDQXBXZ0F3SUJBZ0lSQUlNb2hKSGN4M09TRTBzRjJZV1dxaVV3RFFZSktvWklodmNOQVFFTEJRQXcKTHpFdE1Dc0dBMVVFQXhNa05UVmtObVExWVRJdE9ERXhOaTAwTTJVekxUbGlPRFl0WTJFMllXSmtOR1ZtTlRrMwpNQ0FYRFRJeU1URXhPREF5TVRFME5sb1lEekl3TlRJeE1URXdNRE14TVRRMldqQXZNUzB3S3dZRFZRUURFeVExCk5XUTJaRFZoTWkwNE1URTJMVFF6WlRNdE9XSTROaTFqWVRaaFltUTBaV1kxT1Rjd2dnR2lNQTBHQ1NxR1NJYjMKRFFFQkFRVUFBNElCandBd2dnR0tBb0lCZ1FDazFwNWwxa2d1Yk4xbmR3WEtNSWlGNHdxUU10cVRhUjVRS0RONQpxdExIdG9TZ3lwcmtpczhlOFd4WVhlVkVQMTRvQ2FaSmJCZ1g4QlZrdmM0cW11WVh2QnlUQmwwT1VSZlpwckNiCmFhbHFVQ0tUL3pOSlhEY3IxMVdsWXhRUG9ybk5SWFAycnVGTXBFZnZkRWdNNGMwUUpVMmVKd3lqSEdzUUM2aVEKaFRBd2VEN0xzTjVDbkx2eVRhWDVreHZreVJNdXh5a3Vta0ZmdzlBc290ODY2cjNad0wxSjdwalFVZVIzbnVTUwpIVDlTL2c2allpWHFSNnlUTFp3NnVQdEdWSTcwd2p5a3ZjUkZoRHE5M0xhek5lMjJIVHVOdzcrZlBreWI4WTFtCjZnVU5xb1ZPQ1BxVWM0OTIvVGRXdlYyNDZnM3kyMTVuSlRWNGZSdnU1YzVoQVh5SzNkM2RjYjZ1L05JVVo4WG0KaURBd3VwZkN5dFR6d2RpT2hUK1hCWUtoV0txdE00SllFc0RXUWNVMDZZSjVrZ1AwNjBHMGUrTFNyZEdDMTZNMApNQjdjOWYyUmtJdWxmRkJ3SHV5Y3I4Tm5UZk8vL1RyeVlMeFhtaFZ3NXI3OUNJdytMQmV6aUVQekNsMkM0WlhRCkluZWFWUmhWYzBPbEpYa0kyeFA1UFFKcG16OENBd0VBQWFOQ01FQXdEZ1lEVlIwUEFRSC9CQVFEQWdJRU1BOEcKQTFVZEV3RUIvd1FGTUFNQkFmOHdIUVlEVlIwT0JCWUVGSit3QnNFUzNCN1UxdEFiRzNoSnBVRGYzb1VsTUEwRwpDU3FHU0liM0RRRUJDd1VBQTRJQmdRQ1RoQ2V1OEh3bG1QUUg0K0l5Q0xuMFpVQkNtbEUzQ28yRU0wUlNwMnM1Cjd4allROE1aN2ZVSXdyenFZU3FVWGJKNldYTlB4TjhkN3VnZmNZUzI0WW5oOVQyZm5tT1VpVWVEc3ZGOUFMeFgKR1lzMUFwY1pObEJrQkFOVGgweWxONG5yanRVbzh1U01OZTlLQ0pBTGUrUkN5dG9JakRXa3JHbDErWkV0c1VCZgorK1d2Yzk3UlY4c0oyRXp5YXU3UFhsaFM5Ky9IcC9DWXBoWUhsVHh0eTR0cW5kRmNpR1J6aG1tMHN2VzV5MFh6CjFFZm5xRlJsb1FOWnVlckFaeTFWdFhNY1EzRXY5SmFSSU9kYjNJWVo4UWhjTUFqMEUxbXkrNmZDMm5jclRjcWYKT091WWVJZ2FWWllzaGpxZHR0QmNMSDRJVHJZVnZ4RTAvTkozaUpQb1NobUNZKzBNdXJ5NmEwYUJUQ1ZTZSs1KwozNi9VVVp5UjJDNUJiUGdNQytQMTkybFZGaTJwZ25MT21uV2tkTUFZSkoxZGl2QUFWNVFGM1VuWlZlUGxYRGhlCnlyc0VwZzdTcEhFeks2L0VwOEovUFdZWXpma2s4YXR3Z3podWNFMnhjV001ZHpYUGNlNTVxcWh5RCtaTnZrT2YKR0hzUE1QU2pDeG1QTXhqWmF3cW9ZM1E9Ci0tLS0tRU5EIENFUlRJRklDQVRFLS0tLS0K"
              }
            ],
            "master_authorized_networks_config": [],
            "master_version": "1.23.12-gke.100",
            "min_master_version": null,
            "monitoring_config": [
              {
                "enable_components": [
                  "SYSTEM_COMPONENTS"
                ]
              }
            ],
            "monitoring_service": "monitoring.googleapis.com/kubernetes",
            "name": "terraform-tae-gke",
            "network": "projects/terraform-tae/global/networks/terraform-tae-heetae-dev-vpc",
            "network_policy": [
              {
                "enabled": false,
                "provider": "PROVIDER_UNSPECIFIED"
              }
            ],
            "networking_mode": "VPC_NATIVE",
            "node_config": [],
            "node_locations": [
              "asia-northeast3-a",
              "asia-northeast3-b",
              "asia-northeast3-c"
            ],
            "node_pool": [],
            "node_version": "1.23.12-gke.100",
            "operation": null,
            "private_cluster_config": [
              {
                "enable_private_endpoint": false,
                "enable_private_nodes": true,
                "master_global_access_config": [
                  {
                    "enabled": false
                  }
                ],
                "master_ipv4_cidr_block": "192.168.0.0/28",
                "peering_name": "gke-n450bf1650cedb39cc86-60a7-eb25-peer",
                "private_endpoint": "192.168.0.2",
                "public_endpoint": "34.64.53.38"
              }
            ],
            "private_ipv6_google_access": "",
            "project": "terraform-tae",
            "release_channel": [
              {
                "channel": "REGULAR"
              }
            ],
            "remove_default_node_pool": true,
            "resource_labels": null,
            "resource_usage_export_config": [],
            "self_link": "https://container.googleapis.com/v1/projects/terraform-tae/locations/asia-northeast3/clusters/terraform-tae-gke",
            "services_ipv4_cidr": "10.92.0.0/20",
            "subnetwork": "projects/terraform-tae/regions/asia-northeast3/subnetworks/gogle-subnet",
            "timeouts": null,
            "tpu_ipv4_cidr_block": "",
            "vertical_pod_autoscaling": [],
            "workload_identity_config": []
          },
          "sensitive_attributes": [],
          "private": "eyJlMmJmYjczMC1lY2FhLTExZTYtOGY4OC0zNDM2M2JjN2M0YzAiOnsiY3JlYXRlIjoyNDAwMDAwMDAwMDAwLCJkZWxldGUiOjI0MDAwMDAwMDAwMDAsInJlYWQiOjI0MDAwMDAwMDAwMDAsInVwZGF0ZSI6MzYwMDAwMDAwMDAwMH0sInNjaGVtYV92ZXJzaW9uIjoiMSJ9",
          "dependencies": [
            "data.terraform_remote_state.bucket"
          ]
        }
      ]
    },
    {
      "mode": "managed",
      "type": "google_container_node_pool",
      "name": "cicd_nodes",
      "provider": "provider[\"registry.terraform.io/hashicorp/google\"]",
      "instances": [
        {
          "schema_version": 1,
          "attributes": {
            "autoscaling": [],
            "cluster": "projects/terraform-tae/locations/asia-northeast3/clusters/terraform-tae-gke",
            "id": "projects/terraform-tae/locations/asia-northeast3/clusters/terraform-tae-gke/nodePools/cicd-pool",
            "initial_node_count": 1,
            "instance_group_urls": [
              "https://www.googleapis.com/compute/v1/projects/terraform-tae/zones/asia-northeast3-a/instanceGroupManagers/gke-terraform-tae-gke-cicd-pool-d2107592-grp"
            ],
            "location": "asia-northeast3",
            "managed_instance_group_urls": [
              "https://www.googleapis.com/compute/v1/projects/terraform-tae/zones/asia-northeast3-a/instanceGroups/gke-terraform-tae-gke-cicd-pool-d2107592-grp"
            ],
            "management": [
              {
                "auto_repair": true,
                "auto_upgrade": true
              }
            ],
            "max_pods_per_node": 110,
            "name": "cicd-pool",
            "name_prefix": "",
            "node_config": [
              {
                "disk_size_gb": 100,
                "disk_type": "pd-standard",
                "gcfs_config": [],
                "guest_accelerator": [],
                "image_type": "COS_CONTAINERD",
                "labels": {},
                "local_ssd_count": 0,
                "machine_type": "n1-standard-1",
                "metadata": {
                  "disable-legacy-endpoints": "true"
                },
                "min_cpu_platform": "",
                "node_group": "",
                "oauth_scopes": [
                  "https://www.googleapis.com/auth/cloud-platform"
                ],
                "preemptible": false,
                "service_account": "931691412530-compute@developer.gserviceaccount.com",
                "shielded_instance_config": [
                  {
                    "enable_integrity_monitoring": true,
                    "enable_secure_boot": false
                  }
                ],
                "tags": null,
                "taint": [],
                "workload_metadata_config": []
              }
            ],
            "node_count": 1,
            "node_locations": [
              "asia-northeast3-a"
            ],
            "operation": null,
            "project": "terraform-tae",
            "timeouts": null,
            "upgrade_settings": [
              {
                "max_surge": 1,
                "max_unavailable": 0
              }
            ],
            "version": "1.23.12-gke.100"
          },
          "sensitive_attributes": [],
          "private": "eyJlMmJmYjczMC1lY2FhLTExZTYtOGY4OC0zNDM2M2JjN2M0YzAiOnsiY3JlYXRlIjoxODAwMDAwMDAwMDAwLCJkZWxldGUiOjE4MDAwMDAwMDAwMDAsInVwZGF0ZSI6MTgwMDAwMDAwMDAwMH0sInNjaGVtYV92ZXJzaW9uIjoiMSJ9",
          "dependencies": [
            "data.terraform_remote_state.bucket",
            "google_container_cluster.primary"
          ]
        }
      ]
    },
    {
      "mode": "managed",
      "type": "google_container_node_pool",
      "name": "service_nodes",
      "provider": "provider[\"registry.terraform.io/hashicorp/google\"]",
      "instances": [
        {
          "schema_version": 1,
          "attributes": {
            "autoscaling": [],
            "cluster": "projects/terraform-tae/locations/asia-northeast3/clusters/terraform-tae-gke",
            "id": "projects/terraform-tae/locations/asia-northeast3/clusters/terraform-tae-gke/nodePools/service-pool",
            "initial_node_count": 1,
            "instance_group_urls": [
              "https://www.googleapis.com/compute/v1/projects/terraform-tae/zones/asia-northeast3-b/instanceGroupManagers/gke-terraform-tae-gke-service-pool-7de14b35-grp",
              "https://www.googleapis.com/compute/v1/projects/terraform-tae/zones/asia-northeast3-c/instanceGroupManagers/gke-terraform-tae-gke-service-pool-7cb58cb9-grp"
            ],
            "location": "asia-northeast3",
            "managed_instance_group_urls": [
              "https://www.googleapis.com/compute/v1/projects/terraform-tae/zones/asia-northeast3-b/instanceGroups/gke-terraform-tae-gke-service-pool-7de14b35-grp",
              "https://www.googleapis.com/compute/v1/projects/terraform-tae/zones/asia-northeast3-c/instanceGroups/gke-terraform-tae-gke-service-pool-7cb58cb9-grp"
            ],
            "management": [
              {
                "auto_repair": true,
                "auto_upgrade": true
              }
            ],
            "max_pods_per_node": 110,
            "name": "service-pool",
            "name_prefix": "",
            "node_config": [
              {
                "disk_size_gb": 100,
                "disk_type": "pd-standard",
                "gcfs_config": [],
                "guest_accelerator": [],
                "image_type": "COS_CONTAINERD",
                "labels": {},
                "local_ssd_count": 0,
                "machine_type": "e2-medium",
                "metadata": {
                  "disable-legacy-endpoints": "true"
                },
                "min_cpu_platform": "",
                "node_group": "",
                "oauth_scopes": [
                  "https://www.googleapis.com/auth/cloud-platform"
                ],
                "preemptible": false,
                "service_account": "931691412530-compute@developer.gserviceaccount.com",
                "shielded_instance_config": [
                  {
                    "enable_integrity_monitoring": true,
                    "enable_secure_boot": false
                  }
                ],
                "tags": null,
                "taint": [],
                "workload_metadata_config": []
              }
            ],
            "node_count": 1,
            "node_locations": [
              "asia-northeast3-b",
              "asia-northeast3-c"
            ],
            "operation": null,
            "project": "terraform-tae",
            "timeouts": null,
            "upgrade_settings": [
              {
                "max_surge": 1,
                "max_unavailable": 0
              }
            ],
            "version": "1.23.12-gke.100"
          },
          "sensitive_attributes": [],
          "private": "eyJlMmJmYjczMC1lY2FhLTExZTYtOGY4OC0zNDM2M2JjN2M0YzAiOnsiY3JlYXRlIjoxODAwMDAwMDAwMDAwLCJkZWxldGUiOjE4MDAwMDAwMDAwMDAsInVwZGF0ZSI6MTgwMDAwMDAwMDAwMH0sInNjaGVtYV92ZXJzaW9uIjoiMSJ9",
          "dependencies": [
            "data.terraform_remote_state.bucket",
            "google_container_cluster.primary"
          ]
        }
      ]
    }
  ],
  "check_results": null
}
